
Microsoft Visual Studio Solution File, Format Version 12.00
# Visual Studio Version 17
VisualStudioVersion = 17.0.31919.166
MinimumVisualStudioVersion = 10.0.40219.1
Project("{FAE04EC0-301F-11D3-BF4B-00C04F79EFBC}") = "IanWold.Raven", "IanWold.Raven\IanWold.Raven.csproj", "{7B5CF114-DCBA-4132-88DC-CB1EC949E6D7}"
EndProject
Global
	GlobalSection(SolutionConfigurationPlatforms) = preSolution
		Debug|Any CPU = Debug|Any CPU
		Release|Any CPU = Release|Any CPU
	EndGlobalSection
	GlobalSection(ProjectConfigurationPlatforms) = postSolution
		{7B5CF114-DCBA-4132-88DC-CB1EC949E6D7}.Debug|Any CPU.ActiveCfg = Debug|Any CPU
		{7B5CF114-DCBA-4132-88DC-CB1EC949E6D7}.Debug|Any CPU.Build.0 = Debug|Any CPU
		{7B5CF114-DCBA-4132-88DC-CB1EC949E6D7}.Release|Any CPU.ActiveCfg = Release|Any CPU
		{7B5CF114-DCBA-4132-88DC-CB1EC949E6D7}.Release|Any CPU.Build.0 = Release|Any CPU
	EndGlobalSection
	GlobalSection(SolutionProperties) = preSolution
		HideSolutionNode = FALSE
	EndGlobalSection
	GlobalSection(ExtensibilityGlobals) = postSolution
		SolutionGuid = {FE5685CE-285E-4C66-9F9F-74FBEFA75CB6}
	EndGlobalSection
EndGlobal
